<?xml version="1.0" encoding="utf-8"?>
<Project ToolsVersion="4.0" xmlns="http://schemas.microsoft.com/developer/msbuild/2003">
  <ItemGroup>
    <Filter Include="资源文件">
      <UniqueIdentifier>{67DA6AB6-F800-4c08-8B7A-83BB121AAD01}</UniqueIdentifier>
      <Extensions>rc;ico;cur;bmp;dlg;rc2;rct;bin;rgs;gif;jpg;jpeg;jpe;resx;tiff;tif;png;wav;mfcribbon-ms</Extensions>
    </Filter>
    <Filter Include="Header">
      <UniqueIdentifier>{02e430ba-96b0-4686-9417-e3fd8f71ee7a}</UniqueIdentifier>
    </Filter>
    <Filter Include="Header\VGraphic">
      <UniqueIdentifier>{e024a775-1ea4-406f-82a8-cef495e5a87c}</UniqueIdentifier>
    </Filter>
    <Filter Include="Header\VGraphic\fw">
      <UniqueIdentifier>{ab3bfb2f-3c70-452d-8d37-b62f9d6e4f2c}</UniqueIdentifier>
    </Filter>
    <Filter Include="Header\VGraphic\io">
      <UniqueIdentifier>{c5e8e623-af43-4af0-820f-0873a5f3a723}</UniqueIdentifier>
    </Filter>
    <Filter Include="Header\VGraphic\sl">
      <UniqueIdentifier>{c7f009cf-1dd2-47f5-9901-46d29e480052}</UniqueIdentifier>
    </Filter>
    <Filter Include="Header\VGraphic\sl\default">
      <UniqueIdentifier>{bed6f7fb-8435-4075-a658-c31d4076ccee}</UniqueIdentifier>
    </Filter>
    <Filter Include="Header\VGraphic\sl\datas">
      <UniqueIdentifier>{9ba09402-b5f9-4e74-b17a-050b8ab5a0e0}</UniqueIdentifier>
    </Filter>
    <Filter Include="Header\VGraphic\sl\tools">
      <UniqueIdentifier>{1f63b1f4-29bf-49bf-ae2d-7600d29684c2}</UniqueIdentifier>
    </Filter>
    <Filter Include="Header\VGraphic\vr">
      <UniqueIdentifier>{0ce23c4d-1ef7-4079-9858-4ad8d95a965e}</UniqueIdentifier>
    </Filter>
    <Filter Include="Header\VGraphic\vr\buffer">
      <UniqueIdentifier>{1bdd0d4f-4f83-4084-afd3-959196fdd4d1}</UniqueIdentifier>
    </Filter>
    <Filter Include="Header\VGraphic\core">
      <UniqueIdentifier>{29908a93-596d-462a-9aeb-c208294bbbee}</UniqueIdentifier>
    </Filter>
    <Filter Include="Header\VGraphic\core\alloc">
      <UniqueIdentifier>{5c94ac8a-85a5-4441-89f7-95d88ced2bb0}</UniqueIdentifier>
    </Filter>
    <Filter Include="Source">
      <UniqueIdentifier>{1bded1a0-df6b-46ba-9ea6-60d2cc576d8b}</UniqueIdentifier>
    </Filter>
    <Filter Include="Source\VGraphic">
      <UniqueIdentifier>{01871d32-1e8b-4629-b7ff-0dbc63c11b60}</UniqueIdentifier>
    </Filter>
    <Filter Include="Source\VGraphic\vr">
      <UniqueIdentifier>{e103a1d0-79ab-4c16-84cd-34e7ae3821a2}</UniqueIdentifier>
    </Filter>
    <Filter Include="Source\VGraphic\io">
      <UniqueIdentifier>{68deccc4-cba4-4601-a34a-084946027a4b}</UniqueIdentifier>
    </Filter>
    <Filter Include="Source\VGraphic\fw">
      <UniqueIdentifier>{0c773ac8-8bae-422d-970a-86bc2c56195a}</UniqueIdentifier>
    </Filter>
    <Filter Include="Source\VGraphic\core">
      <UniqueIdentifier>{0265331f-8248-44d1-b740-393ff7c6bc01}</UniqueIdentifier>
    </Filter>
    <Filter Include="Source\helper">
      <UniqueIdentifier>{b8cdf84c-f0ad-42e6-a162-b7b530bb90ed}</UniqueIdentifier>
    </Filter>
  </ItemGroup>
  <ItemGroup>
    <Text Include="ReadMe.txt" />
  </ItemGroup>
  <ItemGroup>
    <ClInclude Include="resource.h" />
    <ClInclude Include="include\Config.h">
      <Filter>Header\VGraphic</Filter>
    </ClInclude>
    <ClInclude Include="include\IReferenceCounted.h">
      <Filter>Header\VGraphic</Filter>
    </ClInclude>
    <ClInclude Include="include\vgAssert.h">
      <Filter>Header\VGraphic</Filter>
    </ClInclude>
    <ClInclude Include="include\vgCheck.h">
      <Filter>Header\VGraphic</Filter>
    </ClInclude>
    <ClInclude Include="include\VGraphicEngine.h">
      <Filter>Header\VGraphic</Filter>
    </ClInclude>
    <ClInclude Include="include\vgTypes.h">
      <Filter>Header\VGraphic</Filter>
    </ClInclude>
    <ClInclude Include="include\EDeviceTypes.h">
      <Filter>Header\VGraphic\fw</Filter>
    </ClInclude>
    <ClInclude Include="include\EDriverTypes.h">
      <Filter>Header\VGraphic\fw</Filter>
    </ClInclude>
    <ClInclude Include="include\FWCreationParameters.h">
      <Filter>Header\VGraphic\fw</Filter>
    </ClInclude>
    <ClInclude Include="include\FWDevice.h">
      <Filter>Header\VGraphic\fw</Filter>
    </ClInclude>
    <ClInclude Include="include\ICursorControl.h">
      <Filter>Header\VGraphic\fw</Filter>
    </ClInclude>
    <ClInclude Include="include\IEventReceiver.h">
      <Filter>Header\VGraphic\fw</Filter>
    </ClInclude>
    <ClInclude Include="include\ITimer.h">
      <Filter>Header\VGraphic\fw</Filter>
    </ClInclude>
    <ClInclude Include="include\IVideoDriver.h">
      <Filter>Header\VGraphic\fw</Filter>
    </ClInclude>
    <ClInclude Include="include\Keycodes.h">
      <Filter>Header\VGraphic\fw</Filter>
    </ClInclude>
    <ClInclude Include="include\SKeyMap.h">
      <Filter>Header\VGraphic\fw</Filter>
    </ClInclude>
    <ClInclude Include="include\IException.h">
      <Filter>Header\VGraphic\io</Filter>
    </ClInclude>
    <ClInclude Include="include\IStringException.h">
      <Filter>Header\VGraphic\io</Filter>
    </ClInclude>
    <ClInclude Include="include\ConfigForSL.h">
      <Filter>Header\VGraphic\sl</Filter>
    </ClInclude>
    <ClInclude Include="include\IDataHolderBase.h">
      <Filter>Header\VGraphic\sl</Filter>
    </ClInclude>
    <ClInclude Include="include\ISLProgramBase.h">
      <Filter>Header\VGraphic\sl</Filter>
    </ClInclude>
    <ClInclude Include="include\ISLShaderBase.h">
      <Filter>Header\VGraphic\sl</Filter>
    </ClInclude>
    <ClInclude Include="include\SLEnumPrimitiveType.h">
      <Filter>Header\VGraphic\sl</Filter>
    </ClInclude>
    <ClInclude Include="include\TTransferStation.h">
      <Filter>Header\VGraphic\sl</Filter>
    </ClInclude>
    <ClInclude Include="include\IDefaultPatchAssemblyShader.h">
      <Filter>Header\VGraphic\sl\default</Filter>
    </ClInclude>
    <ClInclude Include="include\IDefaultPerFragmentHandleShader.h">
      <Filter>Header\VGraphic\sl\default</Filter>
    </ClInclude>
    <ClInclude Include="include\IDefaultRasiShader.h">
      <Filter>Header\VGraphic\sl\default</Filter>
    </ClInclude>
    <ClInclude Include="include\IFragmentShaderBase.h">
      <Filter>Header\VGraphic\sl\default</Filter>
    </ClInclude>
    <ClInclude Include="include\IGeometryShaderBase.h">
      <Filter>Header\VGraphic\sl\default</Filter>
    </ClInclude>
    <ClInclude Include="include\IVertexShaderBase.h">
      <Filter>Header\VGraphic\sl\default</Filter>
    </ClInclude>
    <ClInclude Include="include\SDataFSInner.h">
      <Filter>Header\VGraphic\sl\datas</Filter>
    </ClInclude>
    <ClInclude Include="include\SDataFSOut.h">
      <Filter>Header\VGraphic\sl\datas</Filter>
    </ClInclude>
    <ClInclude Include="include\SDataGSInner.h">
      <Filter>Header\VGraphic\sl\datas</Filter>
    </ClInclude>
    <ClInclude Include="include\SDataGSOut.h">
      <Filter>Header\VGraphic\sl\datas</Filter>
    </ClInclude>
    <ClInclude Include="include\SDataPAInner.h">
      <Filter>Header\VGraphic\sl\datas</Filter>
    </ClInclude>
    <ClInclude Include="include\SDataPAOut.h">
      <Filter>Header\VGraphic\sl\datas</Filter>
    </ClInclude>
    <ClInclude Include="include\SDataPerFragHandleInner.h">
      <Filter>Header\VGraphic\sl\datas</Filter>
    </ClInclude>
    <ClInclude Include="include\SDataRasiOut.h">
      <Filter>Header\VGraphic\sl\datas</Filter>
    </ClInclude>
    <ClInclude Include="include\SSLMachineStatus.h">
      <Filter>Header\VGraphic\sl\datas</Filter>
    </ClInclude>
    <ClInclude Include="include\TDataBag.h">
      <Filter>Header\VGraphic\sl\datas</Filter>
    </ClInclude>
    <ClInclude Include="include\SDataVSOut.h">
      <Filter>Header\VGraphic\sl\datas</Filter>
    </ClInclude>
    <ClInclude Include="include\TransferDatas.h">
      <Filter>Header\VGraphic\sl\datas</Filter>
    </ClInclude>
    <ClInclude Include="include\SDataVSInner.h">
      <Filter>Header\VGraphic\sl\datas</Filter>
    </ClInclude>
    <ClInclude Include="include\vg_PerVertex.h">
      <Filter>Header\VGraphic\sl\datas</Filter>
    </ClInclude>
    <ClInclude Include="include\sltools.h">
      <Filter>Header\VGraphic\sl\tools</Filter>
    </ClInclude>
    <ClInclude Include="include\Blit.h">
      <Filter>Header\VGraphic\vr</Filter>
    </ClInclude>
    <ClInclude Include="include\ConfigForVR.h">
      <Filter>Header\VGraphic\vr</Filter>
    </ClInclude>
    <ClInclude Include="include\SColor.h">
      <Filter>Header\VGraphic\vr</Filter>
    </ClInclude>
    <ClInclude Include="include\SDepthTestNode.h">
      <Filter>Header\VGraphic\vr</Filter>
    </ClInclude>
    <ClInclude Include="include\Texture.h">
      <Filter>Header\VGraphic\vr</Filter>
    </ClInclude>
    <ClInclude Include="include\TextureHelper.h">
      <Filter>Header\VGraphic\vr</Filter>
    </ClInclude>
    <ClInclude Include="include\VRenderer.h">
      <Filter>Header\VGraphic\vr</Filter>
    </ClInclude>
    <ClInclude Include="include\VRProgramManager.h">
      <Filter>Header\VGraphic\vr</Filter>
    </ClInclude>
    <ClInclude Include="include\VRTexturesManager.h">
      <Filter>Header\VGraphic\vr</Filter>
    </ClInclude>
    <ClInclude Include="include\VRBufferManager.h">
      <Filter>Header\VGraphic\vr</Filter>
    </ClInclude>
    <ClInclude Include="include\SBuffer.h">
      <Filter>Header\VGraphic\vr\buffer</Filter>
    </ClInclude>
    <ClInclude Include="include\SSingleDepthBuffer.h">
      <Filter>Header\VGraphic\vr\buffer</Filter>
    </ClInclude>
    <ClInclude Include="include\dimension2d.h">
      <Filter>Header\VGraphic\core</Filter>
    </ClInclude>
    <ClInclude Include="include\sorts.h">
      <Filter>Header\VGraphic\core</Filter>
    </ClInclude>
    <ClInclude Include="include\position2d.h">
      <Filter>Header\VGraphic\core</Filter>
    </ClInclude>
    <ClInclude Include="include\rect.h">
      <Filter>Header\VGraphic\core</Filter>
    </ClInclude>
    <ClInclude Include="include\vector2d.h">
      <Filter>Header\VGraphic\core</Filter>
    </ClInclude>
    <ClInclude Include="include\vgArray.h">
      <Filter>Header\VGraphic\core</Filter>
    </ClInclude>
    <ClInclude Include="include\vgList.h">
      <Filter>Header\VGraphic\core</Filter>
    </ClInclude>
    <ClInclude Include="include\vgMath.h">
      <Filter>Header\VGraphic\core</Filter>
    </ClInclude>
    <ClInclude Include="include\vgMulArray.h">
      <Filter>Header\VGraphic\core</Filter>
    </ClInclude>
    <ClInclude Include="include\vgToolFunctions.h">
      <Filter>Header\VGraphic\core</Filter>
    </ClInclude>
    <ClInclude Include="include\AllocateAligned.h">
      <Filter>Header\VGraphic\core\alloc</Filter>
    </ClInclude>
    <ClInclude Include="include\DoubleBufferedAllocator.h">
      <Filter>Header\VGraphic\core\alloc</Filter>
    </ClInclude>
    <ClInclude Include="include\StackAllocator.h">
      <Filter>Header\VGraphic\core\alloc</Filter>
    </ClInclude>
    <ClInclude Include="include\TFreeList.h">
      <Filter>Header\VGraphic\core\alloc</Filter>
    </ClInclude>
    <ClInclude Include="include\vgAllocator.h">
      <Filter>Header\VGraphic\core\alloc</Filter>
    </ClInclude>
    <ClInclude Include="source\CColorConverter.h">
      <Filter>Source\VGraphic\vr</Filter>
    </ClInclude>
    <ClInclude Include="source\CHalfSoftWareDriver.h">
      <Filter>Source\VGraphic\fw</Filter>
    </ClInclude>
    <ClInclude Include="source\CNullDriver.h">
      <Filter>Source\VGraphic\fw</Filter>
    </ClInclude>
    <ClInclude Include="source\CTimer.h">
      <Filter>Source\VGraphic\fw</Filter>
    </ClInclude>
    <ClInclude Include="source\FWMidDevice.h">
      <Filter>Source\VGraphic\fw</Filter>
    </ClInclude>
    <ClInclude Include="source\FWWin32Device.h">
      <Filter>Source\VGraphic\fw</Filter>
    </ClInclude>
    <ClInclude Include="source\os.h">
      <Filter>Source\VGraphic\fw</Filter>
    </ClInclude>
  </ItemGroup>
  <ItemGroup>
    <ClCompile Include="source\vgAssert.cpp">
      <Filter>Source\VGraphic</Filter>
    </ClCompile>
    <ClCompile Include="source\VGraphicEngine.cpp">
      <Filter>Source\VGraphic</Filter>
    </ClCompile>
    <ClCompile Include="source\CColorConverter.cpp">
      <Filter>Source\VGraphic\vr</Filter>
    </ClCompile>
    <ClCompile Include="source\CHalfSoftWareDriver.cpp">
      <Filter>Source\VGraphic\fw</Filter>
    </ClCompile>
    <ClCompile Include="source\CNullDriver.cpp">
      <Filter>Source\VGraphic\fw</Filter>
    </ClCompile>
    <ClCompile Include="source\FWMidDevice.cpp">
      <Filter>Source\VGraphic\fw</Filter>
    </ClCompile>
    <ClCompile Include="source\FWWin32Device.cpp">
      <Filter>Source\VGraphic\fw</Filter>
    </ClCompile>
    <ClCompile Include="source\os.cpp">
      <Filter>Source\VGraphic\fw</Filter>
    </ClCompile>
    <ClCompile Include="source\Texture.cpp">
      <Filter>Source\VGraphic\vr</Filter>
    </ClCompile>
  </ItemGroup>
</Project>