<?xml version="1.0" encoding="utf-8"?>
<Project ToolsVersion="4.0" xmlns="http://schemas.microsoft.com/developer/msbuild/2003">
  <ItemGroup>
    <Filter Include="资源文件">
      <UniqueIdentifier>{67DA6AB6-F800-4c08-8B7A-83BB121AAD01}</UniqueIdentifier>
      <Extensions>rc;ico;cur;bmp;dlg;rc2;rct;bin;rgs;gif;jpg;jpeg;jpe;resx;tiff;tif;png;wav;mfcribbon-ms</Extensions>
    </Filter>
    <Filter Include="Header">
      <UniqueIdentifier>{a121bc36-0760-4ffe-b167-5cdc7f998c1d}</UniqueIdentifier>
    </Filter>
    <Filter Include="Source">
      <UniqueIdentifier>{7073d8fa-21c6-4a62-b1aa-180f656feac7}</UniqueIdentifier>
    </Filter>
    <Filter Include="Header\VGraphic">
      <UniqueIdentifier>{a1a3383e-1265-41ad-9d70-0c55491f5e7e}</UniqueIdentifier>
    </Filter>
    <Filter Include="Header\VGraphic\core">
      <UniqueIdentifier>{c9062d4d-3f84-44c6-833e-770ff89a7bbe}</UniqueIdentifier>
    </Filter>
    <Filter Include="Header\VGraphic\core\alloc">
      <UniqueIdentifier>{722e4085-6903-4bd1-a387-47e9346b8d82}</UniqueIdentifier>
    </Filter>
    <Filter Include="Header\VGraphic\fw">
      <UniqueIdentifier>{a7d78ee5-dc84-4616-8156-d87d781a0168}</UniqueIdentifier>
    </Filter>
    <Filter Include="Header\VGraphic\io">
      <UniqueIdentifier>{c88fa1bb-fbee-4e80-a297-6f22bf7a68d0}</UniqueIdentifier>
    </Filter>
    <Filter Include="Header\VGraphic\sl">
      <UniqueIdentifier>{51f637a7-4db6-4e2a-b3d4-b2b287cb38c0}</UniqueIdentifier>
    </Filter>
    <Filter Include="Header\VGraphic\vr">
      <UniqueIdentifier>{9e4fcfe8-ab78-4e45-82a1-876a6cd91cf4}</UniqueIdentifier>
    </Filter>
    <Filter Include="Source\VGraphic">
      <UniqueIdentifier>{f21f07af-2368-480f-a18b-ccfb9fbf8b55}</UniqueIdentifier>
    </Filter>
    <Filter Include="Source\VGraphic\vr">
      <UniqueIdentifier>{71bf2b0a-009c-4789-962d-279206b16450}</UniqueIdentifier>
    </Filter>
    <Filter Include="Source\VGraphic\io">
      <UniqueIdentifier>{8064efbc-7f61-4f2f-b288-73f1c3084d10}</UniqueIdentifier>
    </Filter>
    <Filter Include="Source\VGraphic\fw">
      <UniqueIdentifier>{9df2a6c4-aba0-41ae-b127-ee19d311ab41}</UniqueIdentifier>
    </Filter>
    <Filter Include="Source\VGraphic\core">
      <UniqueIdentifier>{37bb312a-d4b7-40cb-a8f8-24408d24c1ae}</UniqueIdentifier>
    </Filter>
  </ItemGroup>
  <ItemGroup>
    <Text Include="ReadMe.txt" />
  </ItemGroup>
  <ItemGroup>
    <ClInclude Include="include\dimension2d.h">
      <Filter>Header\VGraphic\core</Filter>
    </ClInclude>
    <ClInclude Include="include\position2d.h">
      <Filter>Header\VGraphic\core</Filter>
    </ClInclude>
    <ClInclude Include="include\rect.h">
      <Filter>Header\VGraphic\core</Filter>
    </ClInclude>
    <ClInclude Include="include\vector2d.h">
      <Filter>Header\VGraphic\core</Filter>
    </ClInclude>
    <ClInclude Include="include\vgMath.h">
      <Filter>Header\VGraphic\core</Filter>
    </ClInclude>
    <ClInclude Include="include\vgToolFunctions.h">
      <Filter>Header\VGraphic\core</Filter>
    </ClInclude>
    <ClInclude Include="include\AllocateAligned.h">
      <Filter>Header\VGraphic\core\alloc</Filter>
    </ClInclude>
    <ClInclude Include="include\DoubleBufferedAllocator.h">
      <Filter>Header\VGraphic\core\alloc</Filter>
    </ClInclude>
    <ClInclude Include="include\TFreeList.h">
      <Filter>Header\VGraphic\core\alloc</Filter>
    </ClInclude>
    <ClInclude Include="include\StackAllocator.h">
      <Filter>Header\VGraphic\core\alloc</Filter>
    </ClInclude>
    <ClInclude Include="include\EDeviceTypes.h">
      <Filter>Header\VGraphic\fw</Filter>
    </ClInclude>
    <ClInclude Include="include\EDriverTypes.h">
      <Filter>Header\VGraphic\fw</Filter>
    </ClInclude>
    <ClInclude Include="include\FWCreationParameters.h">
      <Filter>Header\VGraphic\fw</Filter>
    </ClInclude>
    <ClInclude Include="include\FWDevice.h">
      <Filter>Header\VGraphic\fw</Filter>
    </ClInclude>
    <ClInclude Include="include\ICursorControl.h">
      <Filter>Header\VGraphic\fw</Filter>
    </ClInclude>
    <ClInclude Include="include\ITimer.h">
      <Filter>Header\VGraphic\fw</Filter>
    </ClInclude>
    <ClInclude Include="include\IVideoDriver.h">
      <Filter>Header\VGraphic\fw</Filter>
    </ClInclude>
    <ClInclude Include="include\Keycodes.h">
      <Filter>Header\VGraphic\fw</Filter>
    </ClInclude>
    <ClInclude Include="include\SKeyMap.h">
      <Filter>Header\VGraphic\fw</Filter>
    </ClInclude>
    <ClInclude Include="include\IException.h">
      <Filter>Header\VGraphic\io</Filter>
    </ClInclude>
    <ClInclude Include="include\IStringException.h">
      <Filter>Header\VGraphic\io</Filter>
    </ClInclude>
    <ClInclude Include="include\Blit.h">
      <Filter>Header\VGraphic\vr</Filter>
    </ClInclude>
    <ClInclude Include="include\SColor.h">
      <Filter>Header\VGraphic\vr</Filter>
    </ClInclude>
    <ClInclude Include="include\Texture.h">
      <Filter>Header\VGraphic\vr</Filter>
    </ClInclude>
    <ClInclude Include="include\TextureHelper.h">
      <Filter>Header\VGraphic\vr</Filter>
    </ClInclude>
    <ClInclude Include="include\VRManager.h">
      <Filter>Header\VGraphic\vr</Filter>
    </ClInclude>
    <ClInclude Include="include\vgTypes.h">
      <Filter>Header\VGraphic</Filter>
    </ClInclude>
    <ClInclude Include="include\Config.h">
      <Filter>Header\VGraphic</Filter>
    </ClInclude>
    <ClInclude Include="include\IReferenceCounted.h">
      <Filter>Header\VGraphic</Filter>
    </ClInclude>
    <ClInclude Include="include\vgAssert.h">
      <Filter>Header\VGraphic</Filter>
    </ClInclude>
    <ClInclude Include="include\vgCheck.h">
      <Filter>Header\VGraphic</Filter>
    </ClInclude>
    <ClInclude Include="include\VGraphicEngine.h">
      <Filter>Header\VGraphic</Filter>
    </ClInclude>
    <ClInclude Include="source\CHalfSoftWareDriver.h">
      <Filter>Source\VGraphic\fw</Filter>
    </ClInclude>
    <ClInclude Include="source\CNullDriver.h">
      <Filter>Source\VGraphic\fw</Filter>
    </ClInclude>
    <ClInclude Include="source\CTimer.h">
      <Filter>Source\VGraphic\fw</Filter>
    </ClInclude>
    <ClInclude Include="source\FWMidDevice.h">
      <Filter>Source\VGraphic\fw</Filter>
    </ClInclude>
    <ClInclude Include="source\FWWin32Device.h">
      <Filter>Source\VGraphic\fw</Filter>
    </ClInclude>
    <ClInclude Include="source\os.h">
      <Filter>Source\VGraphic\fw</Filter>
    </ClInclude>
    <ClInclude Include="source\CColorConverter.h">
      <Filter>Source\VGraphic\vr</Filter>
    </ClInclude>
    <ClInclude Include="include\IEventReceiver.h">
      <Filter>Header\VGraphic\fw</Filter>
    </ClInclude>
    <ClInclude Include="resource.h" />
  </ItemGroup>
  <ItemGroup>
    <ClCompile Include="source\CHalfSoftWareDriver.cpp">
      <Filter>Source\VGraphic\fw</Filter>
    </ClCompile>
    <ClCompile Include="source\CNullDriver.cpp">
      <Filter>Source\VGraphic\fw</Filter>
    </ClCompile>
    <ClCompile Include="source\FWMidDevice.cpp">
      <Filter>Source\VGraphic\fw</Filter>
    </ClCompile>
    <ClCompile Include="source\FWWin32Device.cpp">
      <Filter>Source\VGraphic\fw</Filter>
    </ClCompile>
    <ClCompile Include="source\os.cpp">
      <Filter>Source\VGraphic\fw</Filter>
    </ClCompile>
    <ClCompile Include="source\CColorConverter.cpp">
      <Filter>Source\VGraphic\vr</Filter>
    </ClCompile>
    <ClCompile Include="source\Texture.cpp">
      <Filter>Source\VGraphic\vr</Filter>
    </ClCompile>
    <ClCompile Include="source\vgAssert.cpp">
      <Filter>Source\VGraphic</Filter>
    </ClCompile>
    <ClCompile Include="source\VGraphicEngine.cpp">
      <Filter>Source\VGraphic</Filter>
    </ClCompile>
  </ItemGroup>
</Project>